
Microsoft Visual Studio Solution File, Format Version 12.00
# Visual Studio Version 17
VisualStudioVersion = 17.8.34227.203
MinimumVisualStudioVersion = 10.0.40219.1
Project("{FAE04EC0-301F-11D3-BF4B-00C04F79EFBC}") = "WebApplication1", "WebApplication1\WebApplication1.csproj", "{DAF186BE-6215-4EEA-83CD-1C9F3143C2B6}"
EndProject
Global
	GlobalSection(SolutionConfigurationPlatforms) = preSolution
		Debug|Any CPU = Debug|Any CPU
		Release|Any CPU = Release|Any CPU
	EndGlobalSection
	GlobalSection(ProjectConfigurationPlatforms) = postSolution
		{DAF186BE-6215-4EEA-83CD-1C9F3143C2B6}.Debug|Any CPU.ActiveCfg = Debug|Any CPU
		{DAF186BE-6215-4EEA-83CD-1C9F3143C2B6}.Debug|Any CPU.Build.0 = Debug|Any CPU
		{DAF186BE-6215-4EEA-83CD-1C9F3143C2B6}.Release|Any CPU.ActiveCfg = Release|Any CPU
		{DAF186BE-6215-4EEA-83CD-1C9F3143C2B6}.Release|Any CPU.Build.0 = Release|Any CPU
	EndGlobalSection
	GlobalSection(SolutionProperties) = preSolution
		HideSolutionNode = FALSE
	EndGlobalSection
	GlobalSection(ExtensibilityGlobals) = postSolution
		SolutionGuid = {CA21FC83-B166-425E-B574-0A9CD48538AD}
	EndGlobalSection
EndGlobal
